
Microsoft Visual Studio Solution File, Format Version 12.00
# Visual Studio 2013
VisualStudioVersion = 12.0.31101.0
MinimumVisualStudioVersion = 10.0.40219.1
Project("{FAE04EC0-301F-11D3-BF4B-00C04F79EFBC}") = "BooleanLogicParser", "BooleanLogicParser\BooleanLogicParser.csproj", "{671BC84B-7C04-49CE-ABFA-86A1972BE701}"
EndProject
Project("{FAE04EC0-301F-11D3-BF4B-00C04F79EFBC}") = "BooleanLogicParser.Tests", "BooleanLogicParser.Tests\BooleanLogicParser.Tests.csproj", "{C2B2BD49-7201-4A59-8D29-D88EEB1FB3F2}"
EndProject
Global
	GlobalSection(SolutionConfigurationPlatforms) = preSolution
		Debug|Any CPU = Debug|Any CPU
		Release|Any CPU = Release|Any CPU
	EndGlobalSection
	GlobalSection(ProjectConfigurationPlatforms) = postSolution
		{671BC84B-7C04-49CE-ABFA-86A1972BE701}.Debug|Any CPU.ActiveCfg = Debug|Any CPU
		{671BC84B-7C04-49CE-ABFA-86A1972BE701}.Debug|Any CPU.Build.0 = Debug|Any CPU
		{671BC84B-7C04-49CE-ABFA-86A1972BE701}.Release|Any CPU.ActiveCfg = Release|Any CPU
		{671BC84B-7C04-49CE-ABFA-86A1972BE701}.Release|Any CPU.Build.0 = Release|Any CPU
		{C2B2BD49-7201-4A59-8D29-D88EEB1FB3F2}.Debug|Any CPU.ActiveCfg = Debug|Any CPU
		{C2B2BD49-7201-4A59-8D29-D88EEB1FB3F2}.Debug|Any CPU.Build.0 = Debug|Any CPU
		{C2B2BD49-7201-4A59-8D29-D88EEB1FB3F2}.Release|Any CPU.ActiveCfg = Release|Any CPU
		{C2B2BD49-7201-4A59-8D29-D88EEB1FB3F2}.Release|Any CPU.Build.0 = Release|Any CPU
	EndGlobalSection
	GlobalSection(SolutionProperties) = preSolution
		HideSolutionNode = FALSE
	EndGlobalSection
EndGlobal
